<?xml version="1.0" encoding="utf-8"?>
<Project ToolsVersion="4.0" xmlns="http://schemas.microsoft.com/developer/msbuild/2003">
  <ItemGroup>
    <Filter Include="源文件">
      <UniqueIdentifier>{4FC737F1-C7A5-4376-A066-2A32D752A2FF}</UniqueIdentifier>
      <Extensions>cpp;c;cc;cxx;def;odl;idl;hpj;bat;asm;asmx</Extensions>
    </Filter>
    <Filter Include="头文件">
      <UniqueIdentifier>{93995380-89BD-4b04-88EB-625FBE52EBFB}</UniqueIdentifier>
      <Extensions>h;hh;hpp;hxx;hm;inl;inc;xsd</Extensions>
    </Filter>
    <Filter Include="资源文件">
      <UniqueIdentifier>{67DA6AB6-F800-4c08-8B7A-83BB121AAD01}</UniqueIdentifier>
      <Extensions>rc;ico;cur;bmp;dlg;rc2;rct;bin;rgs;gif;jpg;jpeg;jpe;resx;tiff;tif;png;wav;mfcribbon-ms</Extensions>
    </Filter>
  </ItemGroup>
  <ItemGroup>
    <ClCompile Include="maincpp.cpp">
      <Filter>源文件</Filter>
    </ClCompile>
  </ItemGroup>
  <ItemGroup>
    <ClInclude Include="leetcode_1.h">
      <Filter>头文件</Filter>
    </ClInclude>
    <ClInclude Include="leetcode_3.h">
      <Filter>头文件</Filter>
    </ClInclude>
    <ClInclude Include="leetcode_6.h">
      <Filter>头文件</Filter>
    </ClInclude>
    <ClInclude Include="leetcode_2.h">
      <Filter>头文件</Filter>
    </ClInclude>
    <ClInclude Include="leetcode_4.h">
      <Filter>头文件</Filter>
    </ClInclude>
    <ClInclude Include="leetcode_5.h">
      <Filter>头文件</Filter>
    </ClInclude>
    <ClInclude Include="leetcode_7.h">
      <Filter>头文件</Filter>
    </ClInclude>
    <ClInclude Include="leetcode_8.h">
      <Filter>头文件</Filter>
    </ClInclude>
    <ClInclude Include="leetcode_9.h">
      <Filter>头文件</Filter>
    </ClInclude>
    <ClInclude Include="leetcode_11.h">
      <Filter>头文件</Filter>
    </ClInclude>
    <ClInclude Include="leetcode_12.h">
      <Filter>头文件</Filter>
    </ClInclude>
    <ClInclude Include="leetcode_13.h">
      <Filter>头文件</Filter>
    </ClInclude>
    <ClInclude Include="leetcode_14.h">
      <Filter>头文件</Filter>
    </ClInclude>
    <ClInclude Include="leetcode_15.h">
      <Filter>头文件</Filter>
    </ClInclude>
    <ClInclude Include="leetcode_17.h">
      <Filter>头文件</Filter>
    </ClInclude>
    <ClInclude Include="leetcode_19.h">
      <Filter>头文件</Filter>
    </ClInclude>
    <ClInclude Include="leetcode_20.h">
      <Filter>头文件</Filter>
    </ClInclude>
    <ClInclude Include="leetcode_21.h">
      <Filter>头文件</Filter>
    </ClInclude>
    <ClInclude Include="leetcode_22.h">
      <Filter>头文件</Filter>
    </ClInclude>
    <ClInclude Include="leetcode_24.h">
      <Filter>头文件</Filter>
    </ClInclude>
    <ClInclude Include="leetcode_29.h">
      <Filter>头文件</Filter>
    </ClInclude>
    <ClInclude Include="leetcode_28.h">
      <Filter>头文件</Filter>
    </ClInclude>
    <ClInclude Include="leetcode_34.h">
      <Filter>头文件</Filter>
    </ClInclude>
    <ClInclude Include="leetcode_31.h">
      <Filter>头文件</Filter>
    </ClInclude>
    <ClInclude Include="leetcode_38.h">
      <Filter>头文件</Filter>
    </ClInclude>
  </ItemGroup>
</Project>